<Solution>
  <Folder Name="/SolutionItems/">
    <File Path=".gitignore" />
  </Folder>
  <Folder Name="/Source/">
    <Project Path="Source\Application\Application.csproj" Type="Classic C#" />
    <Project Path="Source\Domain\Domain.csproj" Type="Classic C#" />
    <Project Path="Source\Persistence\Persistence.csproj" Type="Classic C#" />
    <Project Path="Source\Presentation.Shared\Presentation.Shared.csproj" Type="Classic C#" />
  </Folder>
</Solution>